// !$*UTF8*$!
{
	archiveVersion = 1;
	classes = {
	};
	objectVersion = 56;
	objects = {

/* Begin PBXBuildFile section */
		0E32C9822B5E741000E18967 /* AppDelegate.swift in Sources */ = {isa = PBXBuildFile; fileRef = 0E32C9812B5E741000E18967 /* AppDelegate.swift */; };
		0E32C9842B5E741000E18967 /* SceneDelegate.swift in Sources */ = {isa = PBXBuildFile; fileRef = 0E32C9832B5E741000E18967 /* SceneDelegate.swift */; };
		0E32C98B2B5E741100E18967 /* Assets.xcassets in Resources */ = {isa = PBXBuildFile; fileRef = 0E32C98A2B5E741100E18967 /* Assets.xcassets */; };
		0E32C98E2B5E741100E18967 /* LaunchScreen.storyboard in Resources */ = {isa = PBXBuildFile; fileRef = 0E32C98C2B5E741100E18967 /* LaunchScreen.storyboard */; };
		0E6BD2432B5E8C19008274D2 /* HomeScreen.swift in Sources */ = {isa = PBXBuildFile; fileRef = 0E6BD2422B5E8C19008274D2 /* HomeScreen.swift */; };
		0E6BD2452B5E8CE3008274D2 /* NetworkManager.swift in Sources */ = {isa = PBXBuildFile; fileRef = 0E6BD2442B5E8CE3008274D2 /* NetworkManager.swift */; };
		0EEDAEB12B5FA348000271C5 /* Movie.swift in Sources */ = {isa = PBXBuildFile; fileRef = 0EEDAEB02B5FA348000271C5 /* Movie.swift */; };
		0EEDAEB32B5FACD7000271C5 /* MovieService.swift in Sources */ = {isa = PBXBuildFile; fileRef = 0EEDAEB22B5FACD7000271C5 /* MovieService.swift */; };
		0EEDAEB52B5FBF17000271C5 /* APIURLs.swift in Sources */ = {isa = PBXBuildFile; fileRef = 0EEDAEB42B5FBF17000271C5 /* APIURLs.swift */; };
		0EEDAEB72B5FD3D4000271C5 /* HomeViewModel.swift in Sources */ = {isa = PBXBuildFile; fileRef = 0EEDAEB62B5FD3D4000271C5 /* HomeViewModel.swift */; };
/* End PBXBuildFile section */

/* Begin PBXFileReference section */
		0E32C97E2B5E741000E18967 /* MoviesApp.app */ = {isa = PBXFileReference; explicitFileType = wrapper.application; includeInIndex = 0; path = MoviesApp.app; sourceTree = BUILT_PRODUCTS_DIR; };
		0E32C9812B5E741000E18967 /* AppDelegate.swift */ = {isa = PBXFileReference; lastKnownFileType = sourcecode.swift; path = AppDelegate.swift; sourceTree = "<group>"; };
		0E32C9832B5E741000E18967 /* SceneDelegate.swift */ = {isa = PBXFileReference; lastKnownFileType = sourcecode.swift; path = SceneDelegate.swift; sourceTree = "<group>"; };
		0E32C98A2B5E741100E18967 /* Assets.xcassets */ = {isa = PBXFileReference; lastKnownFileType = folder.assetcatalog; path = Assets.xcassets; sourceTree = "<group>"; };
		0E32C98D2B5E741100E18967 /* Base */ = {isa = PBXFileReference; lastKnownFileType = file.storyboard; name = Base; path = Base.lproj/LaunchScreen.storyboard; sourceTree = "<group>"; };
		0E32C98F2B5E741100E18967 /* Info.plist */ = {isa = PBXFileReference; lastKnownFileType = text.plist.xml; path = Info.plist; sourceTree = "<group>"; };
		0E6BD2422B5E8C19008274D2 /* HomeScreen.swift */ = {isa = PBXFileReference; lastKnownFileType = sourcecode.swift; path = HomeScreen.swift; sourceTree = "<group>"; };
		0E6BD2442B5E8CE3008274D2 /* NetworkManager.swift */ = {isa = PBXFileReference; lastKnownFileType = sourcecode.swift; path = NetworkManager.swift; sourceTree = "<group>"; };
		0EEDAEB02B5FA348000271C5 /* Movie.swift */ = {isa = PBXFileReference; lastKnownFileType = sourcecode.swift; path = Movie.swift; sourceTree = "<group>"; };
		0EEDAEB22B5FACD7000271C5 /* MovieService.swift */ = {isa = PBXFileReference; lastKnownFileType = sourcecode.swift; path = MovieService.swift; sourceTree = "<group>"; };
		0EEDAEB42B5FBF17000271C5 /* APIURLs.swift */ = {isa = PBXFileReference; lastKnownFileType = sourcecode.swift; path = APIURLs.swift; sourceTree = "<group>"; };
		0EEDAEB62B5FD3D4000271C5 /* HomeViewModel.swift */ = {isa = PBXFileReference; lastKnownFileType = sourcecode.swift; path = HomeViewModel.swift; sourceTree = "<group>"; };
/* End PBXFileReference section */

/* Begin PBXFrameworksBuildPhase section */
		0E32C97B2B5E741000E18967 /* Frameworks */ = {
			isa = PBXFrameworksBuildPhase;
			buildActionMask = 2147483647;
			files = (
			);
			runOnlyForDeploymentPostprocessing = 0;
		};
/* End PBXFrameworksBuildPhase section */

/* Begin PBXGroup section */
		0E32C9752B5E741000E18967 = {
			isa = PBXGroup;
			children = (
				0E32C9802B5E741000E18967 /* MoviesApp */,
				0E32C97F2B5E741000E18967 /* Products */,
			);
			sourceTree = "<group>";
		};
		0E32C97F2B5E741000E18967 /* Products */ = {
			isa = PBXGroup;
			children = (
				0E32C97E2B5E741000E18967 /* MoviesApp.app */,
			);
			name = Products;
			sourceTree = "<group>";
		};
		0E32C9802B5E741000E18967 /* MoviesApp */ = {
			isa = PBXGroup;
			children = (
				0E6BD23C2B5E8B53008274D2 /* Services */,
				0E6BD23B2B5E8B4A008274D2 /* Models */,
				0E6BD23A2B5E8958008274D2 /* Utilities */,
				0E6BD23D2B5E8B64008274D2 /* Core */,
				0E32C9812B5E741000E18967 /* AppDelegate.swift */,
				0E32C9832B5E741000E18967 /* SceneDelegate.swift */,
				0E32C98A2B5E741100E18967 /* Assets.xcassets */,
				0E32C98C2B5E741100E18967 /* LaunchScreen.storyboard */,
				0E32C98F2B5E741100E18967 /* Info.plist */,
			);
			path = MoviesApp;
			sourceTree = "<group>";
		};
		0E6BD23A2B5E8958008274D2 /* Utilities */ = {
			isa = PBXGroup;
			children = (
				0E6BD2442B5E8CE3008274D2 /* NetworkManager.swift */,
				0EEDAEB42B5FBF17000271C5 /* APIURLs.swift */,
			);
			path = Utilities;
			sourceTree = "<group>";
		};
		0E6BD23B2B5E8B4A008274D2 /* Models */ = {
			isa = PBXGroup;
			children = (
				0EEDAEB02B5FA348000271C5 /* Movie.swift */,
			);
			path = Models;
			sourceTree = "<group>";
		};
		0E6BD23C2B5E8B53008274D2 /* Services */ = {
			isa = PBXGroup;
			children = (
				0EEDAEB22B5FACD7000271C5 /* MovieService.swift */,
			);
			path = Services;
			sourceTree = "<group>";
		};
		0E6BD23D2B5E8B64008274D2 /* Core */ = {
			isa = PBXGroup;
			children = (
				0E6BD23F2B5E8BC2008274D2 /* HomeScreen  */,
				0E6BD23E2B5E8B7C008274D2 /* Components */,
			);
			path = Core;
			sourceTree = "<group>";
		};
		0E6BD23E2B5E8B7C008274D2 /* Components */ = {
			isa = PBXGroup;
			children = (
			);
			path = Components;
			sourceTree = "<group>";
		};
		0E6BD23F2B5E8BC2008274D2 /* HomeScreen  */ = {
			isa = PBXGroup;
			children = (
				0E6BD2422B5E8C19008274D2 /* HomeScreen.swift */,
				0EEDAEB62B5FD3D4000271C5 /* HomeViewModel.swift */,
			);
			path = "HomeScreen ";
			sourceTree = "<group>";
		};
/* End PBXGroup section */

/* Begin PBXNativeTarget section */
		0E32C97D2B5E741000E18967 /* MoviesApp */ = {
			isa = PBXNativeTarget;
			buildConfigurationList = 0E32C9922B5E741100E18967 /* Build configuration list for PBXNativeTarget "MoviesApp" */;
			buildPhases = (
				0E32C97A2B5E741000E18967 /* Sources */,
				0E32C97B2B5E741000E18967 /* Frameworks */,
				0E32C97C2B5E741000E18967 /* Resources */,
			);
			buildRules = (
			);
			dependencies = (
			);
			name = MoviesApp;
			productName = MoviesApp;
			productReference = 0E32C97E2B5E741000E18967 /* MoviesApp.app */;
			productType = "com.apple.product-type.application";
		};
/* End PBXNativeTarget section */

/* Begin PBXProject section */
		0E32C9762B5E741000E18967 /* Project object */ = {
			isa = PBXProject;
			attributes = {
				BuildIndependentTargetsInParallel = 1;
				LastSwiftUpdateCheck = 1420;
				LastUpgradeCheck = 1420;
				TargetAttributes = {
					0E32C97D2B5E741000E18967 = {
						CreatedOnToolsVersion = 14.2;
					};
				};
			};
			buildConfigurationList = 0E32C9792B5E741000E18967 /* Build configuration list for PBXProject "MoviesApp" */;
			compatibilityVersion = "Xcode 14.0";
			developmentRegion = en;
			hasScannedForEncodings = 0;
			knownRegions = (
				en,
				Base,
			);
			mainGroup = 0E32C9752B5E741000E18967;
			productRefGroup = 0E32C97F2B5E741000E18967 /* Products */;
			projectDirPath = "";
			projectRoot = "";
			targets = (
				0E32C97D2B5E741000E18967 /* MoviesApp */,
			);
		};
/* End PBXProject section */

/* Begin PBXResourcesBuildPhase section */
		0E32C97C2B5E741000E18967 /* Resources */ = {
			isa = PBXResourcesBuildPhase;
			buildActionMask = 2147483647;
			files = (
				0E32C98E2B5E741100E18967 /* LaunchScreen.storyboard in Resources */,
				0E32C98B2B5E741100E18967 /* Assets.xcassets in Resources */,
			);
			runOnlyForDeploymentPostprocessing = 0;
		};
/* End PBXResourcesBuildPhase section */

/* Begin PBXSourcesBuildPhase section */
		0E32C97A2B5E741000E18967 /* Sources */ = {
			isa = PBXSourcesBuildPhase;
			buildActionMask = 2147483647;
			files = (
				0E6BD2452B5E8CE3008274D2 /* NetworkManager.swift in Sources */,
				0E6BD2432B5E8C19008274D2 /* HomeScreen.swift in Sources */,
				0E32C9822B5E741000E18967 /* AppDelegate.swift in Sources */,
				0EEDAEB72B5FD3D4000271C5 /* HomeViewModel.swift in Sources */,
				0E32C9842B5E741000E18967 /* SceneDelegate.swift in Sources */,
				0EEDAEB52B5FBF17000271C5 /* APIURLs.swift in Sources */,
				0EEDAEB32B5FACD7000271C5 /* MovieService.swift in Sources */,
				0EEDAEB12B5FA348000271C5 /* Movie.swift in Sources */,
			);
			runOnlyForDeploymentPostprocessing = 0;
		};
/* End PBXSourcesBuildPhase section */

/* Begin PBXVariantGroup section */
		0E32C98C2B5E741100E18967 /* LaunchScreen.storyboard */ = {
			isa = PBXVariantGroup;
			children = (
				0E32C98D2B5E741100E18967 /* Base */,
			);
			name = LaunchScreen.storyboard;
			sourceTree = "<group>";
		};
/* End PBXVariantGroup section */

/* Begin XCBuildConfiguration section */
		0E32C9902B5E741100E18967 /* Debug */ = {
			isa = XCBuildConfiguration;
			buildSettings = {
				ALWAYS_SEARCH_USER_PATHS = NO;
				CLANG_ANALYZER_NONNULL = YES;
				CLANG_ANALYZER_NUMBER_OBJECT_CONVERSION = YES_AGGRESSIVE;
				CLANG_CXX_LANGUAGE_STANDARD = "gnu++20";
				CLANG_ENABLE_MODULES = YES;
				CLANG_ENABLE_OBJC_ARC = YES;
				CLANG_ENABLE_OBJC_WEAK = YES;
				CLANG_WARN_BLOCK_CAPTURE_AUTORELEASING = YES;
				CLANG_WARN_BOOL_CONVERSION = YES;
				CLANG_WARN_COMMA = YES;
				CLANG_WARN_CONSTANT_CONVERSION = YES;
				CLANG_WARN_DEPRECATED_OBJC_IMPLEMENTATIONS = YES;
				CLANG_WARN_DIRECT_OBJC_ISA_USAGE = YES_ERROR;
				CLANG_WARN_DOCUMENTATION_COMMENTS = YES;
				CLANG_WARN_EMPTY_BODY = YES;
				CLANG_WARN_ENUM_CONVERSION = YES;
				CLANG_WARN_INFINITE_RECURSION = YES;
				CLANG_WARN_INT_CONVERSION = YES;
				CLANG_WARN_NON_LITERAL_NULL_CONVERSION = YES;
				CLANG_WARN_OBJC_IMPLICIT_RETAIN_SELF = YES;
				CLANG_WARN_OBJC_LITERAL_CONVERSION = YES;
				CLANG_WARN_OBJC_ROOT_CLASS = YES_ERROR;
				CLANG_WARN_QUOTED_INCLUDE_IN_FRAMEWORK_HEADER = YES;
				CLANG_WARN_RANGE_LOOP_ANALYSIS = YES;
				CLANG_WARN_STRICT_PROTOTYPES = YES;
				CLANG_WARN_SUSPICIOUS_MOVE = YES;
				CLANG_WARN_UNGUARDED_AVAILABILITY = YES_AGGRESSIVE;
				CLANG_WARN_UNREACHABLE_CODE = YES;
				CLANG_WARN__DUPLICATE_METHOD_MATCH = YES;
				COPY_PHASE_STRIP = NO;
				DEBUG_INFORMATION_FORMAT = dwarf;
				ENABLE_STRICT_OBJC_MSGSEND = YES;
				ENABLE_TESTABILITY = YES;
				GCC_C_LANGUAGE_STANDARD = gnu11;
				GCC_DYNAMIC_NO_PIC = NO;
				GCC_NO_COMMON_BLOCKS = YES;
				GCC_OPTIMIZATION_LEVEL = 0;
				GCC_PREPROCESSOR_DEFINITIONS = (
					"DEBUG=1",
					"$(inherited)",
				);
				GCC_WARN_64_TO_32_BIT_CONVERSION = YES;
				GCC_WARN_ABOUT_RETURN_TYPE = YES_ERROR;
				GCC_WARN_UNDECLARED_SELECTOR = YES;
				GCC_WARN_UNINITIALIZED_AUTOS = YES_AGGRESSIVE;
				GCC_WARN_UNUSED_FUNCTION = YES;
				GCC_WARN_UNUSED_VARIABLE = YES;
				IPHONEOS_DEPLOYMENT_TARGET = 16.2;
				MTL_ENABLE_DEBUG_INFO = INCLUDE_SOURCE;
				MTL_FAST_MATH = YES;
				ONLY_ACTIVE_ARCH = YES;
				SDKROOT = iphoneos;
				SWIFT_ACTIVE_COMPILATION_CONDITIONS = DEBUG;
				SWIFT_OPTIMIZATION_LEVEL = "-Onone";
			};
			name = Debug;
		};
		0E32C9912B5E741100E18967 /* Release */ = {
			isa = XCBuildConfiguration;
			buildSettings = {
				ALWAYS_SEARCH_USER_PATHS = NO;
				CLANG_ANALYZER_NONNULL = YES;
				CLANG_ANALYZER_NUMBER_OBJECT_CONVERSION = YES_AGGRESSIVE;
				CLANG_CXX_LANGUAGE_STANDARD = "gnu++20";
				CLANG_ENABLE_MODULES = YES;
				CLANG_ENABLE_OBJC_ARC = YES;
				CLANG_ENABLE_OBJC_WEAK = YES;
				CLANG_WARN_BLOCK_CAPTURE_AUTORELEASING = YES;
				CLANG_WARN_BOOL_CONVERSION = YES;
				CLANG_WARN_COMMA = YES;
				CLANG_WARN_CONSTANT_CONVERSION = YES;
				CLANG_WARN_DEPRECATED_OBJC_IMPLEMENTATIONS = YES;
				CLANG_WARN_DIRECT_OBJC_ISA_USAGE = YES_ERROR;
				CLANG_WARN_DOCUMENTATION_COMMENTS = YES;
				CLANG_WARN_EMPTY_BODY = YES;
				CLANG_WARN_ENUM_CONVERSION = YES;
				CLANG_WARN_INFINITE_RECURSION = YES;
				CLANG_WARN_INT_CONVERSION = YES;
				CLANG_WARN_NON_LITERAL_NULL_CONVERSION = YES;
				CLANG_WARN_OBJC_IMPLICIT_RETAIN_SELF = YES;
				CLANG_WARN_OBJC_LITERAL_CONVERSION = YES;
				CLANG_WARN_OBJC_ROOT_CLASS = YES_ERROR;
				CLANG_WARN_QUOTED_INCLUDE_IN_FRAMEWORK_HEADER = YES;
				CLANG_WARN_RANGE_LOOP_ANALYSIS = YES;
				CLANG_WARN_STRICT_PROTOTYPES = YES;
				CLANG_WARN_SUSPICIOUS_MOVE = YES;
				CLANG_WARN_UNGUARDED_AVAILABILITY = YES_AGGRESSIVE;
				CLANG_WARN_UNREACHABLE_CODE = YES;
				CLANG_WARN__DUPLICATE_METHOD_MATCH = YES;
				COPY_PHASE_STRIP = NO;
				DEBUG_INFORMATION_FORMAT = "dwarf-with-dsym";
				ENABLE_NS_ASSERTIONS = NO;
				ENABLE_STRICT_OBJC_MSGSEND = YES;
				GCC_C_LANGUAGE_STANDARD = gnu11;
				GCC_NO_COMMON_BLOCKS = YES;
				GCC_WARN_64_TO_32_BIT_CONVERSION = YES;
				GCC_WARN_ABOUT_RETURN_TYPE = YES_ERROR;
				GCC_WARN_UNDECLARED_SELECTOR = YES;
				GCC_WARN_UNINITIALIZED_AUTOS = YES_AGGRESSIVE;
				GCC_WARN_UNUSED_FUNCTION = YES;
				GCC_WARN_UNUSED_VARIABLE = YES;
				IPHONEOS_DEPLOYMENT_TARGET = 16.2;
				MTL_ENABLE_DEBUG_INFO = NO;
				MTL_FAST_MATH = YES;
				SDKROOT = iphoneos;
				SWIFT_COMPILATION_MODE = wholemodule;
				SWIFT_OPTIMIZATION_LEVEL = "-O";
				VALIDATE_PRODUCT = YES;
			};
			name = Release;
		};
		0E32C9932B5E741100E18967 /* Debug */ = {
			isa = XCBuildConfiguration;
			buildSettings = {
				ASSETCATALOG_COMPILER_APPICON_NAME = AppIcon;
				ASSETCATALOG_COMPILER_GLOBAL_ACCENT_COLOR_NAME = AccentColor;
				CODE_SIGN_STYLE = Automatic;
				CURRENT_PROJECT_VERSION = 1;
				DEVELOPMENT_TEAM = 6HT5X4W7TW;
				GENERATE_INFOPLIST_FILE = YES;
				INFOPLIST_FILE = MoviesApp/Info.plist;
				INFOPLIST_KEY_UIApplicationSupportsIndirectInputEvents = YES;
				INFOPLIST_KEY_UILaunchStoryboardName = LaunchScreen;
				INFOPLIST_KEY_UISupportedInterfaceOrientations_iPad = "UIInterfaceOrientationPortrait UIInterfaceOrientationPortraitUpsideDown UIInterfaceOrientationLandscapeLeft UIInterfaceOrientationLandscapeRight";
				INFOPLIST_KEY_UISupportedInterfaceOrientations_iPhone = "UIInterfaceOrientationPortrait UIInterfaceOrientationLandscapeLeft UIInterfaceOrientationLandscapeRight";
				LD_RUNPATH_SEARCH_PATHS = (
					"$(inherited)",
					"@executable_path/Frameworks",
				);
				MARKETING_VERSION = 1.0;
				PRODUCT_BUNDLE_IDENTIFIER = com.ahmettunahanbekdas.MoviesApp;
				PRODUCT_NAME = "$(TARGET_NAME)";
				SWIFT_EMIT_LOC_STRINGS = YES;
				SWIFT_VERSION = 5.0;
				TARGETED_DEVICE_FAMILY = "1,2";
			};
			name = Debug;
		};
		0E32C9942B5E741100E18967 /* Release */ = {
			isa = XCBuildConfiguration;
			buildSettings = {
				ASSETCATALOG_COMPILER_APPICON_NAME = AppIcon;
				ASSETCATALOG_COMPILER_GLOBAL_ACCENT_COLOR_NAME = AccentColor;
				CODE_SIGN_STYLE = Automatic;
				CURRENT_PROJECT_VERSION = 1;
				DEVELOPMENT_TEAM = 6HT5X4W7TW;
				GENERATE_INFOPLIST_FILE = YES;
				INFOPLIST_FILE = MoviesApp/Info.plist;
				INFOPLIST_KEY_UIApplicationSupportsIndirectInputEvents = YES;
				INFOPLIST_KEY_UILaunchStoryboardName = LaunchScreen;
				INFOPLIST_KEY_UISupportedInterfaceOrientations_iPad = "UIInterfaceOrientationPortrait UIInterfaceOrientationPortraitUpsideDown UIInterfaceOrientationLandscapeLeft UIInterfaceOrientationLandscapeRight";
				INFOPLIST_KEY_UISupportedInterfaceOrientations_iPhone = "UIInterfaceOrientationPortrait UIInterfaceOrientationLandscapeLeft UIInterfaceOrientationLandscapeRight";
				LD_RUNPATH_SEARCH_PATHS = (
					"$(inherited)",
					"@executable_path/Frameworks",
				);
				MARKETING_VERSION = 1.0;
				PRODUCT_BUNDLE_IDENTIFIER = com.ahmettunahanbekdas.MoviesApp;
				PRODUCT_NAME = "$(TARGET_NAME)";
				SWIFT_EMIT_LOC_STRINGS = YES;
				SWIFT_VERSION = 5.0;
				TARGETED_DEVICE_FAMILY = "1,2";
			};
			name = Release;
		};
/* End XCBuildConfiguration section */

/* Begin XCConfigurationList section */
		0E32C9792B5E741000E18967 /* Build configuration list for PBXProject "MoviesApp" */ = {
			isa = XCConfigurationList;
			buildConfigurations = (
				0E32C9902B5E741100E18967 /* Debug */,
				0E32C9912B5E741100E18967 /* Release */,
			);
			defaultConfigurationIsVisible = 0;
			defaultConfigurationName = Release;
		};
		0E32C9922B5E741100E18967 /* Build configuration list for PBXNativeTarget "MoviesApp" */ = {
			isa = XCConfigurationList;
			buildConfigurations = (
				0E32C9932B5E741100E18967 /* Debug */,
				0E32C9942B5E741100E18967 /* Release */,
			);
			defaultConfigurationIsVisible = 0;
			defaultConfigurationName = Release;
		};
/* End XCConfigurationList section */
	};
	rootObject = 0E32C9762B5E741000E18967 /* Project object */;
}
